{
  "name": "stellar-base",
  "version": "0.6.0",
  "dependencies": {
    "base32.js": {
      "version": "0.1.0",
      "from": "https://registry.npmjs.org/base32.js/-/base32.js-0.1.0.tgz",
      "resolved": "https://registry.npmjs.org/base32.js/-/base32.js-0.1.0.tgz"
    },
    "bignumber.js": {
      "version": "2.1.4",
      "from": "https://registry.npmjs.org/bignumber.js/-/bignumber.js-2.1.4.tgz",
      "resolved": "https://registry.npmjs.org/bignumber.js/-/bignumber.js-2.1.4.tgz"
    },
    "crc": {
      "version": "3.4.0",
      "from": "https://registry.npmjs.org/crc/-/crc-3.4.0.tgz",
      "resolved": "https://registry.npmjs.org/crc/-/crc-3.4.0.tgz"
    },
    "ed25519": {
      "version": "0.0.4",
      "from": "https://registry.npmjs.org/ed25519/-/ed25519-0.0.4.tgz",
      "resolved": "https://registry.npmjs.org/ed25519/-/ed25519-0.0.4.tgz",
      "dependencies": {
        "bindings": {
          "version": "1.2.1",
          "from": "https://registry.npmjs.org/bindings/-/bindings-1.2.1.tgz",
          "resolved": "https://registry.npmjs.org/bindings/-/bindings-1.2.1.tgz"
        },
        "nan": {
          "version": "2.2.0",
          "from": "https://registry.npmjs.org/nan/-/nan-2.2.0.tgz",
          "resolved": "https://registry.npmjs.org/nan/-/nan-2.2.0.tgz"
        }
      }
    },
    "js-xdr": {
      "version": "1.0.0",
      "from": "js-xdr@1.0.0",
      "resolved": "https://registry.npmjs.org/js-xdr/-/js-xdr-1.0.0.tgz",
      "dependencies": {
        "babel-runtime": {
          "version": "4.7.16",
          "from": "babel-runtime@>=4.7.16 <5.0.0",
          "resolved": "https://registry.npmjs.org/babel-runtime/-/babel-runtime-4.7.16.tgz",
          "dependencies": {
            "core-js": {
              "version": "0.6.1",
              "from": "core-js@>=0.6.1 <0.7.0",
              "resolved": "https://registry.npmjs.org/core-js/-/core-js-0.6.1.tgz"
            }
          }
        },
        "cursor": {
          "version": "0.1.5",
          "from": "cursor@>=0.1.5 <0.2.0",
          "resolved": "https://registry.npmjs.org/cursor/-/cursor-0.1.5.tgz"
        },
        "lodash": {
          "version": "3.10.1",
          "from": "lodash@>=3.5.0 <4.0.0",
          "resolved": "https://registry.npmjs.org/lodash/-/lodash-3.10.1.tgz"
        },
        "long": {
          "version": "2.4.0",
          "from": "long@>=2.2.3 <3.0.0",
          "resolved": "https://registry.npmjs.org/long/-/long-2.4.0.tgz"
        },
        "sequencify": {
          "version": "0.0.7",
          "from": "sequencify@0.0.7",
          "resolved": "https://registry.npmjs.org/sequencify/-/sequencify-0.0.7.tgz"
        }
      }
    },
    "lodash": {
      "version": "4.0.1",
      "from": "https://registry.npmjs.org/lodash/-/lodash-4.0.1.tgz",
      "resolved": "https://registry.npmjs.org/lodash/-/lodash-4.0.1.tgz"
    },
    "sha.js": {
      "version": "2.4.4",
      "from": "https://registry.npmjs.org/sha.js/-/sha.js-2.4.4.tgz",
      "resolved": "https://registry.npmjs.org/sha.js/-/sha.js-2.4.4.tgz",
      "dependencies": {
        "inherits": {
          "version": "2.0.1",
          "from": "https://registry.npmjs.org/inherits/-/inherits-2.0.1.tgz",
          "resolved": "https://registry.npmjs.org/inherits/-/inherits-2.0.1.tgz"
        }
      }
    },
    "tweetnacl": {
      "version": "0.13.3",
      "from": "https://registry.npmjs.org/tweetnacl/-/tweetnacl-0.13.3.tgz",
      "resolved": "https://registry.npmjs.org/tweetnacl/-/tweetnacl-0.13.3.tgz"
    }
  }
}
